
Microsoft Visual Studio Solution File, Format Version 12.00
# Visual Studio Version 16
VisualStudioVersion = 16.0.31702.278
MinimumVisualStudioVersion = 10.0.40219.1
Project("{FAE04EC0-301F-11D3-BF4B-00C04F79EFBC}") = "Agil", "Agil.csproj", "{B7887A7B-A654-464A-8AA8-3877250AFCEE}"
EndProject
Global
	GlobalSection(SolutionConfigurationPlatforms) = preSolution
		Debug|Any CPU = Debug|Any CPU
		Release|Any CPU = Release|Any CPU
	EndGlobalSection
	GlobalSection(ProjectConfigurationPlatforms) = postSolution
		{B7887A7B-A654-464A-8AA8-3877250AFCEE}.Debug|Any CPU.ActiveCfg = Debug|Any CPU
		{B7887A7B-A654-464A-8AA8-3877250AFCEE}.Debug|Any CPU.Build.0 = Debug|Any CPU
		{B7887A7B-A654-464A-8AA8-3877250AFCEE}.Release|Any CPU.ActiveCfg = Release|Any CPU
		{B7887A7B-A654-464A-8AA8-3877250AFCEE}.Release|Any CPU.Build.0 = Release|Any CPU
	EndGlobalSection
	GlobalSection(SolutionProperties) = preSolution
		HideSolutionNode = FALSE
	EndGlobalSection
	GlobalSection(ExtensibilityGlobals) = postSolution
		SolutionGuid = {6FD07013-807B-4FA9-BFA0-B5C11C4D3381}
	EndGlobalSection
EndGlobal
